
Microsoft Visual Studio Solution File, Format Version 12.00
# Visual Studio 14
VisualStudioVersion = 14.0.22823.1
MinimumVisualStudioVersion = 10.0.40219.1
Project("{FAE04EC0-301F-11D3-BF4B-00C04F79EFBC}") = "Applicita.RecruitmentTest.Web", "Applicita.RecruitmentTest.Web\Applicita.RecruitmentTest.Web.csproj", "{F7B81DEE-1754-44D6-811F-04D99BE12D4A}"
EndProject
Project("{FAE04EC0-301F-11D3-BF4B-00C04F79EFBC}") = "Applicita.RecruitmentTest.Web.Tests", "Applicita.RecruitmentTest.Web.Tests\Applicita.RecruitmentTest.Web.Tests.csproj", "{CF34C13F-994F-45AE-9D63-43741A4D46FC}"
EndProject
Project("{FAE04EC0-301F-11D3-BF4B-00C04F79EFBC}") = "Applicita.RecruitmentTest.Model", "Applicita.RecruitmentTest.Model\Applicita.RecruitmentTest.Model.csproj", "{DF8E8FC8-F11F-4B13-8E40-F4C87C4D6B53}"
EndProject
Project("{FAE04EC0-301F-11D3-BF4B-00C04F79EFBC}") = "Applicita.RecruitmentTest.Data", "Applicita.RecruitmentTest.Data\Applicita.RecruitmentTest.Data.csproj", "{927E23B4-AFFF-4A29-85D8-3DF4BF012A1D}"
EndProject
Project("{FAE04EC0-301F-11D3-BF4B-00C04F79EFBC}") = "Applicita.RecruitmentTest.Service", "Applicita.RecruitmentTest.Service\Applicita.RecruitmentTest.Service.csproj", "{B4F1F124-A231-49CB-B698-142025CB85A7}"
EndProject
Project("{FAE04EC0-301F-11D3-BF4B-00C04F79EFBC}") = "Applicita.RecruitmentTest.Service.Tests", "Applicita.RecruitmentTest.Service.Tests\Applicita.RecruitmentTest.Service.Tests.csproj", "{7CC544C2-211C-48E9-BC5E-20094FECB782}"
EndProject
Project("{2150E333-8FDC-42A3-9474-1A3956D46DE8}") = "0. Model", "0. Model", "{FC7A82CD-0394-4E55-BB6F-CAB660802887}"
EndProject
Project("{2150E333-8FDC-42A3-9474-1A3956D46DE8}") = "1. Data", "1. Data", "{5E8950FE-E942-4611-9218-CE2F2B03A26B}"
EndProject
Project("{2150E333-8FDC-42A3-9474-1A3956D46DE8}") = "2. Service", "2. Service", "{0A534502-379D-4E75-A128-93C0550D52DB}"
EndProject
Project("{2150E333-8FDC-42A3-9474-1A3956D46DE8}") = "3. Web", "3. Web", "{8A11CA02-ED01-44A4-8FAD-80E32E3A1E4B}"
EndProject
Project("{2150E333-8FDC-42A3-9474-1A3956D46DE8}") = "4. Test", "4. Test", "{7D35C42C-D89C-4332-9A8B-3C6C20DC1921}"
EndProject
Project("{2150E333-8FDC-42A3-9474-1A3956D46DE8}") = "Solution Items", "Solution Items", "{CA16C9AA-96F6-464D-B802-57DC0068380E}"
	ProjectSection(SolutionItems) = preProject
		README.md = README.md
	EndProjectSection
EndProject
Global
	GlobalSection(SolutionConfigurationPlatforms) = preSolution
		Debug|Any CPU = Debug|Any CPU
		Release|Any CPU = Release|Any CPU
	EndGlobalSection
	GlobalSection(ProjectConfigurationPlatforms) = postSolution
		{F7B81DEE-1754-44D6-811F-04D99BE12D4A}.Debug|Any CPU.ActiveCfg = Debug|Any CPU
		{F7B81DEE-1754-44D6-811F-04D99BE12D4A}.Debug|Any CPU.Build.0 = Debug|Any CPU
		{F7B81DEE-1754-44D6-811F-04D99BE12D4A}.Release|Any CPU.ActiveCfg = Release|Any CPU
		{F7B81DEE-1754-44D6-811F-04D99BE12D4A}.Release|Any CPU.Build.0 = Release|Any CPU
		{CF34C13F-994F-45AE-9D63-43741A4D46FC}.Debug|Any CPU.ActiveCfg = Debug|Any CPU
		{CF34C13F-994F-45AE-9D63-43741A4D46FC}.Debug|Any CPU.Build.0 = Debug|Any CPU
		{CF34C13F-994F-45AE-9D63-43741A4D46FC}.Release|Any CPU.ActiveCfg = Release|Any CPU
		{CF34C13F-994F-45AE-9D63-43741A4D46FC}.Release|Any CPU.Build.0 = Release|Any CPU
		{DF8E8FC8-F11F-4B13-8E40-F4C87C4D6B53}.Debug|Any CPU.ActiveCfg = Debug|Any CPU
		{DF8E8FC8-F11F-4B13-8E40-F4C87C4D6B53}.Debug|Any CPU.Build.0 = Debug|Any CPU
		{DF8E8FC8-F11F-4B13-8E40-F4C87C4D6B53}.Release|Any CPU.ActiveCfg = Release|Any CPU
		{DF8E8FC8-F11F-4B13-8E40-F4C87C4D6B53}.Release|Any CPU.Build.0 = Release|Any CPU
		{927E23B4-AFFF-4A29-85D8-3DF4BF012A1D}.Debug|Any CPU.ActiveCfg = Debug|Any CPU
		{927E23B4-AFFF-4A29-85D8-3DF4BF012A1D}.Debug|Any CPU.Build.0 = Debug|Any CPU
		{927E23B4-AFFF-4A29-85D8-3DF4BF012A1D}.Release|Any CPU.ActiveCfg = Release|Any CPU
		{927E23B4-AFFF-4A29-85D8-3DF4BF012A1D}.Release|Any CPU.Build.0 = Release|Any CPU
		{B4F1F124-A231-49CB-B698-142025CB85A7}.Debug|Any CPU.ActiveCfg = Debug|Any CPU
		{B4F1F124-A231-49CB-B698-142025CB85A7}.Debug|Any CPU.Build.0 = Debug|Any CPU
		{B4F1F124-A231-49CB-B698-142025CB85A7}.Release|Any CPU.ActiveCfg = Release|Any CPU
		{B4F1F124-A231-49CB-B698-142025CB85A7}.Release|Any CPU.Build.0 = Release|Any CPU
		{7CC544C2-211C-48E9-BC5E-20094FECB782}.Debug|Any CPU.ActiveCfg = Debug|Any CPU
		{7CC544C2-211C-48E9-BC5E-20094FECB782}.Debug|Any CPU.Build.0 = Debug|Any CPU
		{7CC544C2-211C-48E9-BC5E-20094FECB782}.Release|Any CPU.ActiveCfg = Release|Any CPU
		{7CC544C2-211C-48E9-BC5E-20094FECB782}.Release|Any CPU.Build.0 = Release|Any CPU
	EndGlobalSection
	GlobalSection(SolutionProperties) = preSolution
		HideSolutionNode = FALSE
	EndGlobalSection
	GlobalSection(NestedProjects) = preSolution
		{F7B81DEE-1754-44D6-811F-04D99BE12D4A} = {8A11CA02-ED01-44A4-8FAD-80E32E3A1E4B}
		{CF34C13F-994F-45AE-9D63-43741A4D46FC} = {7D35C42C-D89C-4332-9A8B-3C6C20DC1921}
		{DF8E8FC8-F11F-4B13-8E40-F4C87C4D6B53} = {FC7A82CD-0394-4E55-BB6F-CAB660802887}
		{927E23B4-AFFF-4A29-85D8-3DF4BF012A1D} = {5E8950FE-E942-4611-9218-CE2F2B03A26B}
		{B4F1F124-A231-49CB-B698-142025CB85A7} = {0A534502-379D-4E75-A128-93C0550D52DB}
		{7CC544C2-211C-48E9-BC5E-20094FECB782} = {7D35C42C-D89C-4332-9A8B-3C6C20DC1921}
	EndGlobalSection
EndGlobal
